
Microsoft Visual Studio Solution File, Format Version 12.00
Project("{FAE04EC0-301F-11D3-BF4B-00C04F79EFBC}") = "david_csharp", "david_csharp\david_csharp.csproj", "{31FC2D13-9F0D-4874-8EE9-DBE8A13A46C9}"
EndProject
Global
	GlobalSection(SolutionConfigurationPlatforms) = preSolution
		Debug|Any CPU = Debug|Any CPU
		Release|Any CPU = Release|Any CPU
	EndGlobalSection
	GlobalSection(ProjectConfigurationPlatforms) = postSolution
		{31FC2D13-9F0D-4874-8EE9-DBE8A13A46C9}.Debug|Any CPU.ActiveCfg = Debug|Any CPU
		{31FC2D13-9F0D-4874-8EE9-DBE8A13A46C9}.Debug|Any CPU.Build.0 = Debug|Any CPU
		{31FC2D13-9F0D-4874-8EE9-DBE8A13A46C9}.Release|Any CPU.ActiveCfg = Release|Any CPU
		{31FC2D13-9F0D-4874-8EE9-DBE8A13A46C9}.Release|Any CPU.Build.0 = Release|Any CPU
	EndGlobalSection
EndGlobal
